
Microsoft Visual Studio Solution File, Format Version 12.00
# Visual Studio 14
VisualStudioVersion = 14.0.24720.0
MinimumVisualStudioVersion = 14.0.24720.0
Project("{FAE04EC0-301F-11D3-BF4B-00C04F79EFBC}") = "TickTock.Gate", "TickTock.Gate\TickTock.Gate.csproj", "{CAC5DCAA-A971-4497-849C-EE7393088DC2}"
EndProject
Project("{FAE04EC0-301F-11D3-BF4B-00C04F79EFBC}") = "TickTock.Core", "TickTock.Core\TickTock.Core.csproj", "{B1B89E5C-E5DF-4BC2-ACD2-CC7B741C9885}"
EndProject
Project("{FAE04EC0-301F-11D3-BF4B-00C04F79EFBC}") = "TickTock.Core.Tests", "TickTock.Core.Tests\TickTock.Core.Tests.csproj", "{7B5AF5A1-F936-4E40-A4AA-2CBDB6C88D69}"
EndProject
Project("{FAE04EC0-301F-11D3-BF4B-00C04F79EFBC}") = "TickTock.Gate.Tests", "TickTock.Gate.Tests\TickTock.Gate.Tests.csproj", "{63823355-A7A7-44AF-B30E-E947DB472B8D}"
EndProject
Project("{FAE04EC0-301F-11D3-BF4B-00C04F79EFBC}") = "TickTock.Runner", "TickTock.Runner\TickTock.Runner.csproj", "{77759337-23E9-498C-9DD1-DE49E7DCD449}"
EndProject
Project("{FAE04EC0-301F-11D3-BF4B-00C04F79EFBC}") = "TickTock.Runner.Tests", "TickTock.Runner.Tests\TickTock.Runner.Tests.csproj", "{8A9DE28B-D5E3-4155-A20D-D0F1856A294D}"
EndProject
Project("{FAE04EC0-301F-11D3-BF4B-00C04F79EFBC}") = "TickTock.Service", "TickTock.Service\TickTock.Service.csproj", "{E3D64CCE-6275-4BC9-A79A-A059346D8CA0}"
EndProject
Project("{FAE04EC0-301F-11D3-BF4B-00C04F79EFBC}") = "TickTock.Driver", "TickTock.Driver\TickTock.Driver.csproj", "{61BE2CE7-2A0C-451F-850E-EAE06FD96CDE}"
EndProject
Global
	GlobalSection(SolutionConfigurationPlatforms) = preSolution
		Debug|Any CPU = Debug|Any CPU
		Release|Any CPU = Release|Any CPU
	EndGlobalSection
	GlobalSection(ProjectConfigurationPlatforms) = postSolution
		{CAC5DCAA-A971-4497-849C-EE7393088DC2}.Debug|Any CPU.ActiveCfg = Debug|Any CPU
		{CAC5DCAA-A971-4497-849C-EE7393088DC2}.Debug|Any CPU.Build.0 = Debug|Any CPU
		{CAC5DCAA-A971-4497-849C-EE7393088DC2}.Release|Any CPU.ActiveCfg = Release|Any CPU
		{CAC5DCAA-A971-4497-849C-EE7393088DC2}.Release|Any CPU.Build.0 = Release|Any CPU
		{B1B89E5C-E5DF-4BC2-ACD2-CC7B741C9885}.Debug|Any CPU.ActiveCfg = Debug|Any CPU
		{B1B89E5C-E5DF-4BC2-ACD2-CC7B741C9885}.Debug|Any CPU.Build.0 = Debug|Any CPU
		{B1B89E5C-E5DF-4BC2-ACD2-CC7B741C9885}.Release|Any CPU.ActiveCfg = Release|Any CPU
		{B1B89E5C-E5DF-4BC2-ACD2-CC7B741C9885}.Release|Any CPU.Build.0 = Release|Any CPU
		{7B5AF5A1-F936-4E40-A4AA-2CBDB6C88D69}.Debug|Any CPU.ActiveCfg = Debug|Any CPU
		{7B5AF5A1-F936-4E40-A4AA-2CBDB6C88D69}.Debug|Any CPU.Build.0 = Debug|Any CPU
		{7B5AF5A1-F936-4E40-A4AA-2CBDB6C88D69}.Release|Any CPU.ActiveCfg = Release|Any CPU
		{7B5AF5A1-F936-4E40-A4AA-2CBDB6C88D69}.Release|Any CPU.Build.0 = Release|Any CPU
		{63823355-A7A7-44AF-B30E-E947DB472B8D}.Debug|Any CPU.ActiveCfg = Debug|Any CPU
		{63823355-A7A7-44AF-B30E-E947DB472B8D}.Debug|Any CPU.Build.0 = Debug|Any CPU
		{63823355-A7A7-44AF-B30E-E947DB472B8D}.Release|Any CPU.ActiveCfg = Release|Any CPU
		{63823355-A7A7-44AF-B30E-E947DB472B8D}.Release|Any CPU.Build.0 = Release|Any CPU
		{77759337-23E9-498C-9DD1-DE49E7DCD449}.Debug|Any CPU.ActiveCfg = Debug|Any CPU
		{77759337-23E9-498C-9DD1-DE49E7DCD449}.Debug|Any CPU.Build.0 = Debug|Any CPU
		{77759337-23E9-498C-9DD1-DE49E7DCD449}.Release|Any CPU.ActiveCfg = Release|Any CPU
		{77759337-23E9-498C-9DD1-DE49E7DCD449}.Release|Any CPU.Build.0 = Release|Any CPU
		{8A9DE28B-D5E3-4155-A20D-D0F1856A294D}.Debug|Any CPU.ActiveCfg = Debug|Any CPU
		{8A9DE28B-D5E3-4155-A20D-D0F1856A294D}.Debug|Any CPU.Build.0 = Debug|Any CPU
		{8A9DE28B-D5E3-4155-A20D-D0F1856A294D}.Release|Any CPU.ActiveCfg = Release|Any CPU
		{8A9DE28B-D5E3-4155-A20D-D0F1856A294D}.Release|Any CPU.Build.0 = Release|Any CPU
		{E3D64CCE-6275-4BC9-A79A-A059346D8CA0}.Debug|Any CPU.ActiveCfg = Debug|Any CPU
		{E3D64CCE-6275-4BC9-A79A-A059346D8CA0}.Debug|Any CPU.Build.0 = Debug|Any CPU
		{E3D64CCE-6275-4BC9-A79A-A059346D8CA0}.Release|Any CPU.ActiveCfg = Release|Any CPU
		{E3D64CCE-6275-4BC9-A79A-A059346D8CA0}.Release|Any CPU.Build.0 = Release|Any CPU
		{61BE2CE7-2A0C-451F-850E-EAE06FD96CDE}.Debug|Any CPU.ActiveCfg = Debug|Any CPU
		{61BE2CE7-2A0C-451F-850E-EAE06FD96CDE}.Debug|Any CPU.Build.0 = Debug|Any CPU
		{61BE2CE7-2A0C-451F-850E-EAE06FD96CDE}.Release|Any CPU.ActiveCfg = Release|Any CPU
		{61BE2CE7-2A0C-451F-850E-EAE06FD96CDE}.Release|Any CPU.Build.0 = Release|Any CPU
	EndGlobalSection
	GlobalSection(SolutionProperties) = preSolution
		HideSolutionNode = FALSE
	EndGlobalSection
EndGlobal
